// !$*UTF8*$!
{
	archiveVersion = 1;
	classes = {
	};
	objectVersion = 46;
	objects = {

/* Begin PBXBuildFile section */
		B05720711AD3A197003738B8 /* AppDelegate.swift in Sources */ = {isa = PBXBuildFile; fileRef = B05720701AD3A197003738B8 /* AppDelegate.swift */; };
		B05720731AD3A197003738B8 /* ViewController.swift in Sources */ = {isa = PBXBuildFile; fileRef = B05720721AD3A197003738B8 /* ViewController.swift */; };
		B05720761AD3A197003738B8 /* Main.storyboard in Resources */ = {isa = PBXBuildFile; fileRef = B05720741AD3A197003738B8 /* Main.storyboard */; };
		B05720781AD3A197003738B8 /* Images.xcassets in Resources */ = {isa = PBXBuildFile; fileRef = B05720771AD3A197003738B8 /* Images.xcassets */; };
		B057207B1AD3A197003738B8 /* LaunchScreen.xib in Resources */ = {isa = PBXBuildFile; fileRef = B05720791AD3A197003738B8 /* LaunchScreen.xib */; };
		B05720871AD3A197003738B8 /* AppTests.swift in Sources */ = {isa = PBXBuildFile; fileRef = B05720861AD3A197003738B8 /* AppTests.swift */; };
/* End PBXBuildFile section */

/* Begin PBXContainerItemProxy section */
		B05720811AD3A197003738B8 /* PBXContainerItemProxy */ = {
			isa = PBXContainerItemProxy;
			containerPortal = B05720631AD3A197003738B8 /* Project object */;
			proxyType = 1;
			remoteGlobalIDString = B057206A1AD3A197003738B8;
			remoteInfo = App;
		};
/* End PBXContainerItemProxy section */

/* Begin PBXFileReference section */
		B057206B1AD3A197003738B8 /* App.app */ = {isa = PBXFileReference; explicitFileType = wrapper.application; includeInIndex = 0; path = App.app; sourceTree = BUILT_PRODUCTS_DIR; };
		B057206F1AD3A197003738B8 /* Info.plist */ = {isa = PBXFileReference; lastKnownFileType = text.plist.xml; path = Info.plist; sourceTree = "<group>"; };
		B05720701AD3A197003738B8 /* AppDelegate.swift */ = {isa = PBXFileReference; lastKnownFileType = sourcecode.swift; path = AppDelegate.swift; sourceTree = "<group>"; };
		B05720721AD3A197003738B8 /* ViewController.swift */ = {isa = PBXFileReference; lastKnownFileType = sourcecode.swift; path = ViewController.swift; sourceTree = "<group>"; };
		B05720751AD3A197003738B8 /* Base */ = {isa = PBXFileReference; lastKnownFileType = file.storyboard; name = Base; path = Base.lproj/Main.storyboard; sourceTree = "<group>"; };
		B05720771AD3A197003738B8 /* Images.xcassets */ = {isa = PBXFileReference; lastKnownFileType = folder.assetcatalog; path = Images.xcassets; sourceTree = "<group>"; };
		B057207A1AD3A197003738B8 /* Base */ = {isa = PBXFileReference; lastKnownFileType = file.xib; name = Base; path = Base.lproj/LaunchScreen.xib; sourceTree = "<group>"; };
		B05720801AD3A197003738B8 /* AppTests.xctest */ = {isa = PBXFileReference; explicitFileType = wrapper.cfbundle; includeInIndex = 0; path = AppTests.xctest; sourceTree = BUILT_PRODUCTS_DIR; };
		B05720851AD3A197003738B8 /* Info.plist */ = {isa = PBXFileReference; lastKnownFileType = text.plist.xml; path = Info.plist; sourceTree = "<group>"; };
		B05720861AD3A197003738B8 /* AppTests.swift */ = {isa = PBXFileReference; lastKnownFileType = sourcecode.swift; path = AppTests.swift; sourceTree = "<group>"; };
/* End PBXFileReference section */

/* Begin PBXFrameworksBuildPhase section */
		B05720681AD3A197003738B8 /* Frameworks */ = {
			isa = PBXFrameworksBuildPhase;
			buildActionMask = 2147483647;
			files = (
			);
			runOnlyForDeploymentPostprocessing = 0;
		};
		B057207D1AD3A197003738B8 /* Frameworks */ = {
			isa = PBXFrameworksBuildPhase;
			buildActionMask = 2147483647;
			files = (
			);
			runOnlyForDeploymentPostprocessing = 0;
		};
/* End PBXFrameworksBuildPhase section */

/* Begin PBXGroup section */
		B05720621AD3A197003738B8 = {
			isa = PBXGroup;
			children = (
				B057206D1AD3A197003738B8 /* App */,
				B05720831AD3A197003738B8 /* AppTests */,
				B057206C1AD3A197003738B8 /* Products */,
			);
			sourceTree = "<group>";
		};
		B057206C1AD3A197003738B8 /* Products */ = {
			isa = PBXGroup;
			children = (
				B057206B1AD3A197003738B8 /* App.app */,
				B05720801AD3A197003738B8 /* AppTests.xctest */,
			);
			name = Products;
			sourceTree = "<group>";
		};
		B057206D1AD3A197003738B8 /* App */ = {
			isa = PBXGroup;
			children = (
				B05720701AD3A197003738B8 /* AppDelegate.swift */,
				B05720721AD3A197003738B8 /* ViewController.swift */,
				B05720741AD3A197003738B8 /* Main.storyboard */,
				B05720771AD3A197003738B8 /* Images.xcassets */,
				B05720791AD3A197003738B8 /* LaunchScreen.xib */,
				B057206E1AD3A197003738B8 /* Supporting Files */,
			);
			path = App;
			sourceTree = "<group>";
		};
		B057206E1AD3A197003738B8 /* Supporting Files */ = {
			isa = PBXGroup;
			children = (
				B057206F1AD3A197003738B8 /* Info.plist */,
			);
			name = "Supporting Files";
			sourceTree = "<group>";
		};
		B05720831AD3A197003738B8 /* AppTests */ = {
			isa = PBXGroup;
			children = (
				B05720861AD3A197003738B8 /* AppTests.swift */,
				B05720841AD3A197003738B8 /* Supporting Files */,
			);
			path = AppTests;
			sourceTree = "<group>";
		};
		B05720841AD3A197003738B8 /* Supporting Files */ = {
			isa = PBXGroup;
			children = (
				B05720851AD3A197003738B8 /* Info.plist */,
			);
			name = "Supporting Files";
			sourceTree = "<group>";
		};
/* End PBXGroup section */

/* Begin PBXNativeTarget section */
		B057206A1AD3A197003738B8 /* App */ = {
			isa = PBXNativeTarget;
			buildConfigurationList = B057208A1AD3A197003738B8 /* Build configuration list for PBXNativeTarget "App" */;
			buildPhases = (
				B05720671AD3A197003738B8 /* Sources */,
				B05720681AD3A197003738B8 /* Frameworks */,
				B05720691AD3A197003738B8 /* Resources */,
			);
			buildRules = (
			);
			dependencies = (
			);
			name = App;
			productName = App;
			productReference = B057206B1AD3A197003738B8 /* App.app */;
			productType = "com.apple.product-type.application";
		};
		B057207F1AD3A197003738B8 /* AppTests */ = {
			isa = PBXNativeTarget;
			buildConfigurationList = B057208D1AD3A197003738B8 /* Build configuration list for PBXNativeTarget "AppTests" */;
			buildPhases = (
				B057207C1AD3A197003738B8 /* Sources */,
				B057207D1AD3A197003738B8 /* Frameworks */,
				B057207E1AD3A197003738B8 /* Resources */,
			);
			buildRules = (
			);
			dependencies = (
				B05720821AD3A197003738B8 /* PBXTargetDependency */,
			);
			name = AppTests;
			productName = AppTests;
			productReference = B05720801AD3A197003738B8 /* AppTests.xctest */;
			productType = "com.apple.product-type.bundle.unit-test";
		};
/* End PBXNativeTarget section */

/* Begin PBXProject section */
		B05720631AD3A197003738B8 /* Project object */ = {
			isa = PBXProject;
			attributes = {
				LastUpgradeCheck = 0620;
				ORGANIZATIONNAME = "赵希帆";
				TargetAttributes = {
					B057206A1AD3A197003738B8 = {
						CreatedOnToolsVersion = 6.2;
					};
					B057207F1AD3A197003738B8 = {
						CreatedOnToolsVersion = 6.2;
						TestTargetID = B057206A1AD3A197003738B8;
					};
				};
			};
			buildConfigurationList = B05720661AD3A197003738B8 /* Build configuration list for PBXProject "App" */;
			compatibilityVersion = "Xcode 3.2";
			developmentRegion = English;
			hasScannedForEncodings = 0;
			knownRegions = (
				en,
				Base,
			);
			mainGroup = B05720621AD3A197003738B8;
			productRefGroup = B057206C1AD3A197003738B8 /* Products */;
			projectDirPath = "";
			projectRoot = "";
			targets = (
				B057206A1AD3A197003738B8 /* App */,
				B057207F1AD3A197003738B8 /* AppTests */,
			);
		};
/* End PBXProject section */

/* Begin PBXResourcesBuildPhase section */
		B05720691AD3A197003738B8 /* Resources */ = {
			isa = PBXResourcesBuildPhase;
			buildActionMask = 2147483647;
			files = (
				B05720761AD3A197003738B8 /* Main.storyboard in Resources */,
				B057207B1AD3A197003738B8 /* LaunchScreen.xib in Resources */,
				B05720781AD3A197003738B8 /* Images.xcassets in Resources */,
			);
			runOnlyForDeploymentPostprocessing = 0;
		};
		B057207E1AD3A197003738B8 /* Resources */ = {
			isa = PBXResourcesBuildPhase;
			buildActionMask = 2147483647;
			files = (
			);
			runOnlyForDeploymentPostprocessing = 0;
		};
/* End PBXResourcesBuildPhase section */

/* Begin PBXSourcesBuildPhase section */
		B05720671AD3A197003738B8 /* Sources */ = {
			isa = PBXSourcesBuildPhase;
			buildActionMask = 2147483647;
			files = (
				B05720731AD3A197003738B8 /* ViewController.swift in Sources */,
				B05720711AD3A197003738B8 /* AppDelegate.swift in Sources */,
			);
			runOnlyForDeploymentPostprocessing = 0;
		};
		B057207C1AD3A197003738B8 /* Sources */ = {
			isa = PBXSourcesBuildPhase;
			buildActionMask = 2147483647;
			files = (
				B05720871AD3A197003738B8 /* AppTests.swift in Sources */,
			);
			runOnlyForDeploymentPostprocessing = 0;
		};
/* End PBXSourcesBuildPhase section */

/* Begin PBXTargetDependency section */
		B05720821AD3A197003738B8 /* PBXTargetDependency */ = {
			isa = PBXTargetDependency;
			target = B057206A1AD3A197003738B8 /* App */;
			targetProxy = B05720811AD3A197003738B8 /* PBXContainerItemProxy */;
		};
/* End PBXTargetDependency section */

/* Begin PBXVariantGroup section */
		B05720741AD3A197003738B8 /* Main.storyboard */ = {
			isa = PBXVariantGroup;
			children = (
				B05720751AD3A197003738B8 /* Base */,
			);
			name = Main.storyboard;
			sourceTree = "<group>";
		};
		B05720791AD3A197003738B8 /* LaunchScreen.xib */ = {
			isa = PBXVariantGroup;
			children = (
				B057207A1AD3A197003738B8 /* Base */,
			);
			name = LaunchScreen.xib;
			sourceTree = "<group>";
		};
/* End PBXVariantGroup section */

/* Begin XCBuildConfiguration section */
		B05720881AD3A197003738B8 /* Debug */ = {
			isa = XCBuildConfiguration;
			buildSettings = {
				ALWAYS_SEARCH_USER_PATHS = NO;
				CLANG_CXX_LANGUAGE_STANDARD = "gnu++0x";
				CLANG_CXX_LIBRARY = "libc++";
				CLANG_ENABLE_MODULES = YES;
				CLANG_ENABLE_OBJC_ARC = YES;
				CLANG_WARN_BOOL_CONVERSION = YES;
				CLANG_WARN_CONSTANT_CONVERSION = YES;
				CLANG_WARN_DIRECT_OBJC_ISA_USAGE = YES_ERROR;
				CLANG_WARN_EMPTY_BODY = YES;
				CLANG_WARN_ENUM_CONVERSION = YES;
				CLANG_WARN_INT_CONVERSION = YES;
				CLANG_WARN_OBJC_ROOT_CLASS = YES_ERROR;
				CLANG_WARN_UNREACHABLE_CODE = YES;
				CLANG_WARN__DUPLICATE_METHOD_MATCH = YES;
				"CODE_SIGN_IDENTITY[sdk=iphoneos*]" = "iPhone Developer";
				COPY_PHASE_STRIP = NO;
				ENABLE_STRICT_OBJC_MSGSEND = YES;
				GCC_C_LANGUAGE_STANDARD = gnu99;
				GCC_DYNAMIC_NO_PIC = NO;
				GCC_OPTIMIZATION_LEVEL = 0;
				GCC_PREPROCESSOR_DEFINITIONS = (
					"DEBUG=1",
					"$(inherited)",
				);
				GCC_SYMBOLS_PRIVATE_EXTERN = NO;
				GCC_WARN_64_TO_32_BIT_CONVERSION = YES;
				GCC_WARN_ABOUT_RETURN_TYPE = YES_ERROR;
				GCC_WARN_UNDECLARED_SELECTOR = YES;
				GCC_WARN_UNINITIALIZED_AUTOS = YES_AGGRESSIVE;
				GCC_WARN_UNUSED_FUNCTION = YES;
				GCC_WARN_UNUSED_VARIABLE = YES;
				IPHONEOS_DEPLOYMENT_TARGET = 8.2;
				MTL_ENABLE_DEBUG_INFO = YES;
				ONLY_ACTIVE_ARCH = YES;
				SDKROOT = iphoneos;
				SWIFT_OPTIMIZATION_LEVEL = "-Onone";
			};
			name = Debug;
		};
		B05720891AD3A197003738B8 /* Release */ = {
			isa = XCBuildConfiguration;
			buildSettings = {
				ALWAYS_SEARCH_USER_PATHS = NO;
				CLANG_CXX_LANGUAGE_STANDARD = "gnu++0x";
				CLANG_CXX_LIBRARY = "libc++";
				CLANG_ENABLE_MODULES = YES;
				CLANG_ENABLE_OBJC_ARC = YES;
				CLANG_WARN_BOOL_CONVERSION = YES;
				CLANG_WARN_CONSTANT_CONVERSION = YES;
				CLANG_WARN_DIRECT_OBJC_ISA_USAGE = YES_ERROR;
				CLANG_WARN_EMPTY_BODY = YES;
				CLANG_WARN_ENUM_CONVERSION = YES;
				CLANG_WARN_INT_CONVERSION = YES;
				CLANG_WARN_OBJC_ROOT_CLASS = YES_ERROR;
				CLANG_WARN_UNREACHABLE_CODE = YES;
				CLANG_WARN__DUPLICATE_METHOD_MATCH = YES;
				"CODE_SIGN_IDENTITY[sdk=iphoneos*]" = "iPhone Developer";
				COPY_PHASE_STRIP = NO;
				ENABLE_NS_ASSERTIONS = NO;
				ENABLE_STRICT_OBJC_MSGSEND = YES;
				GCC_C_LANGUAGE_STANDARD = gnu99;
				GCC_WARN_64_TO_32_BIT_CONVERSION = YES;
				GCC_WARN_ABOUT_RETURN_TYPE = YES_ERROR;
				GCC_WARN_UNDECLARED_SELECTOR = YES;
				GCC_WARN_UNINITIALIZED_AUTOS = YES_AGGRESSIVE;
				GCC_WARN_UNUSED_FUNCTION = YES;
				GCC_WARN_UNUSED_VARIABLE = YES;
				IPHONEOS_DEPLOYMENT_TARGET = 8.2;
				MTL_ENABLE_DEBUG_INFO = NO;
				SDKROOT = iphoneos;
				VALIDATE_PRODUCT = YES;
			};
			name = Release;
		};
		B057208B1AD3A197003738B8 /* Debug */ = {
			isa = XCBuildConfiguration;
			buildSettings = {
				ASSETCATALOG_COMPILER_APPICON_NAME = AppIcon;
				INFOPLIST_FILE = App/Info.plist;
				LD_RUNPATH_SEARCH_PATHS = "$(inherited) @executable_path/Frameworks";
				PRODUCT_NAME = "$(TARGET_NAME)";
			};
			name = Debug;
		};
		B057208C1AD3A197003738B8 /* Release */ = {
			isa = XCBuildConfiguration;
			buildSettings = {
				ASSETCATALOG_COMPILER_APPICON_NAME = AppIcon;
				INFOPLIST_FILE = App/Info.plist;
				LD_RUNPATH_SEARCH_PATHS = "$(inherited) @executable_path/Frameworks";
				PRODUCT_NAME = "$(TARGET_NAME)";
			};
			name = Release;
		};
		B057208E1AD3A197003738B8 /* Debug */ = {
			isa = XCBuildConfiguration;
			buildSettings = {
				BUNDLE_LOADER = "$(TEST_HOST)";
				FRAMEWORK_SEARCH_PATHS = (
					"$(SDKROOT)/Developer/Library/Frameworks",
					"$(inherited)",
				);
				GCC_PREPROCESSOR_DEFINITIONS = (
					"DEBUG=1",
					"$(inherited)",
				);
				INFOPLIST_FILE = AppTests/Info.plist;
				LD_RUNPATH_SEARCH_PATHS = "$(inherited) @executable_path/Frameworks @loader_path/Frameworks";
				PRODUCT_NAME = "$(TARGET_NAME)";
				TEST_HOST = "$(BUILT_PRODUCTS_DIR)/App.app/App";
			};
			name = Debug;
		};
		B057208F1AD3A197003738B8 /* Release */ = {
			isa = XCBuildConfiguration;
			buildSettings = {
				BUNDLE_LOADER = "$(TEST_HOST)";
				FRAMEWORK_SEARCH_PATHS = (
					"$(SDKROOT)/Developer/Library/Frameworks",
					"$(inherited)",
				);
				INFOPLIST_FILE = AppTests/Info.plist;
				LD_RUNPATH_SEARCH_PATHS = "$(inherited) @executable_path/Frameworks @loader_path/Frameworks";
				PRODUCT_NAME = "$(TARGET_NAME)";
				TEST_HOST = "$(BUILT_PRODUCTS_DIR)/App.app/App";
			};
			name = Release;
		};
/* End XCBuildConfiguration section */

/* Begin XCConfigurationList section */
		B05720661AD3A197003738B8 /* Build configuration list for PBXProject "App" */ = {
			isa = XCConfigurationList;
			buildConfigurations = (
				B05720881AD3A197003738B8 /* Debug */,
				B05720891AD3A197003738B8 /* Release */,
			);
			defaultConfigurationIsVisible = 0;
			defaultConfigurationName = Release;
		};
		B057208A1AD3A197003738B8 /* Build configuration list for PBXNativeTarget "App" */ = {
			isa = XCConfigurationList;
			buildConfigurations = (
				B057208B1AD3A197003738B8 /* Debug */,
				B057208C1AD3A197003738B8 /* Release */,
			);
			defaultConfigurationIsVisible = 0;
		};
		B057208D1AD3A197003738B8 /* Build configuration list for PBXNativeTarget "AppTests" */ = {
			isa = XCConfigurationList;
			buildConfigurations = (
				B057208E1AD3A197003738B8 /* Debug */,
				B057208F1AD3A197003738B8 /* Release */,
			);
			defaultConfigurationIsVisible = 0;
		};
/* End XCConfigurationList section */
	};
	rootObject = B05720631AD3A197003738B8 /* Project object */;
}
